
Microsoft Visual Studio Solution File, Format Version 12.00
# Visual Studio Version 16
VisualStudioVersion = 16.0.31005.135
MinimumVisualStudioVersion = 10.0.40219.1
Project("{8BC9CEB8-8B4A-11D0-8D11-00A0C91BC942}") = "chap01_sysinfo", "chap01_sysinfo\chap01_sysinfo.vcxproj", "{CA4C9AC9-481C-4981-984C-F3E330F9C81C}"
EndProject
Project("{8BC9CEB8-8B4A-11D0-8D11-00A0C91BC942}") = "chap05_function", "chap05_function\chap05_function.vcxproj", "{934C291F-6857-4D2E-9DCF-9C695E538B6F}"
EndProject
Global
	GlobalSection(SolutionConfigurationPlatforms) = preSolution
		Debug|x64 = Debug|x64
		Debug|x86 = Debug|x86
		Release|x64 = Release|x64
		Release|x86 = Release|x86
	EndGlobalSection
	GlobalSection(ProjectConfigurationPlatforms) = postSolution
		{CA4C9AC9-481C-4981-984C-F3E330F9C81C}.Debug|x64.ActiveCfg = Debug|x64
		{CA4C9AC9-481C-4981-984C-F3E330F9C81C}.Debug|x64.Build.0 = Debug|x64
		{CA4C9AC9-481C-4981-984C-F3E330F9C81C}.Debug|x86.ActiveCfg = Debug|Win32
		{CA4C9AC9-481C-4981-984C-F3E330F9C81C}.Debug|x86.Build.0 = Debug|Win32
		{CA4C9AC9-481C-4981-984C-F3E330F9C81C}.Release|x64.ActiveCfg = Release|x64
		{CA4C9AC9-481C-4981-984C-F3E330F9C81C}.Release|x64.Build.0 = Release|x64
		{CA4C9AC9-481C-4981-984C-F3E330F9C81C}.Release|x86.ActiveCfg = Release|Win32
		{CA4C9AC9-481C-4981-984C-F3E330F9C81C}.Release|x86.Build.0 = Release|Win32
		{934C291F-6857-4D2E-9DCF-9C695E538B6F}.Debug|x64.ActiveCfg = Debug|x64
		{934C291F-6857-4D2E-9DCF-9C695E538B6F}.Debug|x64.Build.0 = Debug|x64
		{934C291F-6857-4D2E-9DCF-9C695E538B6F}.Debug|x86.ActiveCfg = Debug|Win32
		{934C291F-6857-4D2E-9DCF-9C695E538B6F}.Debug|x86.Build.0 = Debug|Win32
		{934C291F-6857-4D2E-9DCF-9C695E538B6F}.Release|x64.ActiveCfg = Release|x64
		{934C291F-6857-4D2E-9DCF-9C695E538B6F}.Release|x64.Build.0 = Release|x64
		{934C291F-6857-4D2E-9DCF-9C695E538B6F}.Release|x86.ActiveCfg = Release|Win32
		{934C291F-6857-4D2E-9DCF-9C695E538B6F}.Release|x86.Build.0 = Release|Win32
	EndGlobalSection
	GlobalSection(SolutionProperties) = preSolution
		HideSolutionNode = FALSE
	EndGlobalSection
	GlobalSection(ExtensibilityGlobals) = postSolution
		SolutionGuid = {D03C0F6D-5206-410F-B9F2-7707BF59983A}
	EndGlobalSection
EndGlobal
